
Microsoft Visual Studio Solution File, Format Version 12.00
# Visual Studio Version 16
VisualStudioVersion = 16.0.31205.134
MinimumVisualStudioVersion = 10.0.40219.1
Project("{FAE04EC0-301F-11D3-BF4B-00C04F79EFBC}") = "Magic 8 Ball", "Magic 8 Ball\Magic 8 Ball.csproj", "{8842DE47-5768-4DC5-A920-8DF4CA796D98}"
EndProject
Global
	GlobalSection(SolutionConfigurationPlatforms) = preSolution
		Debug|Any CPU = Debug|Any CPU
		Release|Any CPU = Release|Any CPU
	EndGlobalSection
	GlobalSection(ProjectConfigurationPlatforms) = postSolution
		{8842DE47-5768-4DC5-A920-8DF4CA796D98}.Debug|Any CPU.ActiveCfg = Debug|Any CPU
		{8842DE47-5768-4DC5-A920-8DF4CA796D98}.Debug|Any CPU.Build.0 = Debug|Any CPU
		{8842DE47-5768-4DC5-A920-8DF4CA796D98}.Release|Any CPU.ActiveCfg = Release|Any CPU
		{8842DE47-5768-4DC5-A920-8DF4CA796D98}.Release|Any CPU.Build.0 = Release|Any CPU
	EndGlobalSection
	GlobalSection(SolutionProperties) = preSolution
		HideSolutionNode = FALSE
	EndGlobalSection
	GlobalSection(ExtensibilityGlobals) = postSolution
		SolutionGuid = {507E2544-668E-4653-A9C4-72119E687896}
	EndGlobalSection
EndGlobal
